
Microsoft Visual Studio Solution File, Format Version 12.00
# Visual Studio Version 16
VisualStudioVersion = 16.0.29306.81
MinimumVisualStudioVersion = 10.0.40219.1
Project("{FAE04EC0-301F-11D3-BF4B-00C04F79EFBC}") = "Server", "Server\Server.csproj", "{F5834E34-46D3-4DFE-B7E5-4CB3AC9FBD10}"
EndProject
Project("{FAE04EC0-301F-11D3-BF4B-00C04F79EFBC}") = "CommonTypes", "CommonTypes\CommonTypes.csproj", "{21065FAD-000E-451D-8163-32A180F93FCA}"
EndProject
Project("{FAE04EC0-301F-11D3-BF4B-00C04F79EFBC}") = "ClientLibrary", "ClientLibrary\ClientLibrary.csproj", "{2DF0AA9F-DD9C-4C4A-9548-21C841D8F56D}"
EndProject
Project("{FAE04EC0-301F-11D3-BF4B-00C04F79EFBC}") = "PCS", "PCS\PCS.csproj", "{B3325FF3-9A21-45DF-9AE7-C7636FC0A96D}"
	ProjectSection(ProjectDependencies) = postProject
		{F5834E34-46D3-4DFE-B7E5-4CB3AC9FBD10} = {F5834E34-46D3-4DFE-B7E5-4CB3AC9FBD10}
		{E35BF567-C696-47FD-AAF5-68347A6CC4F7} = {E35BF567-C696-47FD-AAF5-68347A6CC4F7}
		{2DF0AA9F-DD9C-4C4A-9548-21C841D8F56D} = {2DF0AA9F-DD9C-4C4A-9548-21C841D8F56D}
	EndProjectSection
EndProject
Project("{FAE04EC0-301F-11D3-BF4B-00C04F79EFBC}") = "PuppetMaster", "PuppetMaster\PuppetMaster.csproj", "{1A69372B-C878-4EA6-AA27-AAF5238CEDD6}"
	ProjectSection(ProjectDependencies) = postProject
		{F5834E34-46D3-4DFE-B7E5-4CB3AC9FBD10} = {F5834E34-46D3-4DFE-B7E5-4CB3AC9FBD10}
		{E35BF567-C696-47FD-AAF5-68347A6CC4F7} = {E35BF567-C696-47FD-AAF5-68347A6CC4F7}
		{2DF0AA9F-DD9C-4C4A-9548-21C841D8F56D} = {2DF0AA9F-DD9C-4C4A-9548-21C841D8F56D}
		{B3325FF3-9A21-45DF-9AE7-C7636FC0A96D} = {B3325FF3-9A21-45DF-9AE7-C7636FC0A96D}
	EndProjectSection
EndProject
Project("{FAE04EC0-301F-11D3-BF4B-00C04F79EFBC}") = "Client", "Client\Client.csproj", "{E35BF567-C696-47FD-AAF5-68347A6CC4F7}"
	ProjectSection(ProjectDependencies) = postProject
		{2DF0AA9F-DD9C-4C4A-9548-21C841D8F56D} = {2DF0AA9F-DD9C-4C4A-9548-21C841D8F56D}
		{21065FAD-000E-451D-8163-32A180F93FCA} = {21065FAD-000E-451D-8163-32A180F93FCA}
	EndProjectSection
EndProject
Global
	GlobalSection(SolutionConfigurationPlatforms) = preSolution
		Debug|Any CPU = Debug|Any CPU
		Release|Any CPU = Release|Any CPU
	EndGlobalSection
	GlobalSection(ProjectConfigurationPlatforms) = postSolution
		{F5834E34-46D3-4DFE-B7E5-4CB3AC9FBD10}.Debug|Any CPU.ActiveCfg = Debug|Any CPU
		{F5834E34-46D3-4DFE-B7E5-4CB3AC9FBD10}.Debug|Any CPU.Build.0 = Debug|Any CPU
		{F5834E34-46D3-4DFE-B7E5-4CB3AC9FBD10}.Release|Any CPU.ActiveCfg = Release|Any CPU
		{F5834E34-46D3-4DFE-B7E5-4CB3AC9FBD10}.Release|Any CPU.Build.0 = Release|Any CPU
		{21065FAD-000E-451D-8163-32A180F93FCA}.Debug|Any CPU.ActiveCfg = Debug|Any CPU
		{21065FAD-000E-451D-8163-32A180F93FCA}.Debug|Any CPU.Build.0 = Debug|Any CPU
		{21065FAD-000E-451D-8163-32A180F93FCA}.Release|Any CPU.ActiveCfg = Release|Any CPU
		{21065FAD-000E-451D-8163-32A180F93FCA}.Release|Any CPU.Build.0 = Release|Any CPU
		{2DF0AA9F-DD9C-4C4A-9548-21C841D8F56D}.Debug|Any CPU.ActiveCfg = Debug|Any CPU
		{2DF0AA9F-DD9C-4C4A-9548-21C841D8F56D}.Debug|Any CPU.Build.0 = Debug|Any CPU
		{2DF0AA9F-DD9C-4C4A-9548-21C841D8F56D}.Release|Any CPU.ActiveCfg = Release|Any CPU
		{2DF0AA9F-DD9C-4C4A-9548-21C841D8F56D}.Release|Any CPU.Build.0 = Release|Any CPU
		{B3325FF3-9A21-45DF-9AE7-C7636FC0A96D}.Debug|Any CPU.ActiveCfg = Debug|Any CPU
		{B3325FF3-9A21-45DF-9AE7-C7636FC0A96D}.Debug|Any CPU.Build.0 = Debug|Any CPU
		{B3325FF3-9A21-45DF-9AE7-C7636FC0A96D}.Release|Any CPU.ActiveCfg = Release|Any CPU
		{B3325FF3-9A21-45DF-9AE7-C7636FC0A96D}.Release|Any CPU.Build.0 = Release|Any CPU
		{1A69372B-C878-4EA6-AA27-AAF5238CEDD6}.Debug|Any CPU.ActiveCfg = Debug|Any CPU
		{1A69372B-C878-4EA6-AA27-AAF5238CEDD6}.Debug|Any CPU.Build.0 = Debug|Any CPU
		{1A69372B-C878-4EA6-AA27-AAF5238CEDD6}.Release|Any CPU.ActiveCfg = Release|Any CPU
		{1A69372B-C878-4EA6-AA27-AAF5238CEDD6}.Release|Any CPU.Build.0 = Release|Any CPU
		{E35BF567-C696-47FD-AAF5-68347A6CC4F7}.Debug|Any CPU.ActiveCfg = Debug|Any CPU
		{E35BF567-C696-47FD-AAF5-68347A6CC4F7}.Debug|Any CPU.Build.0 = Debug|Any CPU
		{E35BF567-C696-47FD-AAF5-68347A6CC4F7}.Release|Any CPU.ActiveCfg = Release|Any CPU
		{E35BF567-C696-47FD-AAF5-68347A6CC4F7}.Release|Any CPU.Build.0 = Release|Any CPU
	EndGlobalSection
	GlobalSection(SolutionProperties) = preSolution
		HideSolutionNode = FALSE
	EndGlobalSection
	GlobalSection(ExtensibilityGlobals) = postSolution
		SolutionGuid = {7F245A0A-5E44-4961-A2CF-801F8B32C33D}
	EndGlobalSection
EndGlobal
